
Microsoft Visual Studio Solution File, Format Version 12.00
# Visual Studio Version 17
VisualStudioVersion = 17.9.34622.214
MinimumVisualStudioVersion = 10.0.40219.1
Project("{9A19103F-16F7-4668-BE54-9A1E7A4F7556}") = "Ct1450_Klikacka", "Ct1450_Klikacka\Ct1450_Klikacka.csproj", "{AE14EE2D-E3E6-49A0-AF2C-349D3D0BE138}"
EndProject
Global
	GlobalSection(SolutionConfigurationPlatforms) = preSolution
		Debug|Any CPU = Debug|Any CPU
		Release|Any CPU = Release|Any CPU
	EndGlobalSection
	GlobalSection(ProjectConfigurationPlatforms) = postSolution
		{AE14EE2D-E3E6-49A0-AF2C-349D3D0BE138}.Debug|Any CPU.ActiveCfg = Debug|Any CPU
		{AE14EE2D-E3E6-49A0-AF2C-349D3D0BE138}.Debug|Any CPU.Build.0 = Debug|Any CPU
		{AE14EE2D-E3E6-49A0-AF2C-349D3D0BE138}.Release|Any CPU.ActiveCfg = Release|Any CPU
		{AE14EE2D-E3E6-49A0-AF2C-349D3D0BE138}.Release|Any CPU.Build.0 = Release|Any CPU
	EndGlobalSection
	GlobalSection(SolutionProperties) = preSolution
		HideSolutionNode = FALSE
	EndGlobalSection
	GlobalSection(ExtensibilityGlobals) = postSolution
		SolutionGuid = {6276ADAE-20A4-4BDA-9C94-0E08A87A2EAF}
	EndGlobalSection
EndGlobal
